
Microsoft Visual Studio Solution File, Format Version 12.00
# Visual Studio Version 17
VisualStudioVersion = 17.3.32819.101
MinimumVisualStudioVersion = 10.0.40219.1
Project("{2150E333-8FDC-42A3-9474-1A3956D46DE8}") = "Shared", "Shared", "{B6EB5572-088B-4FE8-8A3A-B274D674645F}"
EndProject
Project("{2150E333-8FDC-42A3-9474-1A3956D46DE8}") = "Collector", "Collector", "{1687A416-C25F-4BAF-BE33-F4646A08711C}"
EndProject
Project("{2150E333-8FDC-42A3-9474-1A3956D46DE8}") = "Vault", "Vault", "{4BCBEEAC-2D33-49E7-92EF-E2F0CB016B04}"
EndProject
Project("{9A19103F-16F7-4668-BE54-9A1E7A4F7556}") = "Abmes.DataCollector.Shared.Data", "Abmes.DataCollector.Shared.Data\Abmes.DataCollector.Shared.Data.csproj", "{F38B6814-FDF9-4906-BBC9-43B6C308EA6B}"
EndProject
Project("{9A19103F-16F7-4668-BE54-9A1E7A4F7556}") = "Abmes.DataCollector.Collector.Services", "Abmes.DataCollector.Collector.Services\Abmes.DataCollector.Collector.Services.csproj", "{55611575-C016-4A27-9301-5196C79F4F29}"
EndProject
Project("{9A19103F-16F7-4668-BE54-9A1E7A4F7556}") = "Abmes.DataCollector.Collector.Logging.Amazon", "Abmes.DataCollector.Collector.Logging.Amazon\Abmes.DataCollector.Collector.Logging.Amazon.csproj", "{5D2CBE49-2521-4498-832E-52A1B8313A88}"
EndProject
Project("{9A19103F-16F7-4668-BE54-9A1E7A4F7556}") = "Abmes.DataCollector.Collector.Data.Amazon", "Abmes.DataCollector.Collector.Data.Amazon\Abmes.DataCollector.Collector.Data.Amazon.csproj", "{91B96DD6-3A61-436C-8C6D-B9782A6E9430}"
EndProject
Project("{9A19103F-16F7-4668-BE54-9A1E7A4F7556}") = "Abmes.DataCollector.Collector.App.ConsoleApp", "Abmes.DataCollector.Collector.App.ConsoleApp\Abmes.DataCollector.Collector.App.ConsoleApp.csproj", "{008B8852-C1E7-469D-A42B-D0220A772D89}"
EndProject
Project("{9A19103F-16F7-4668-BE54-9A1E7A4F7556}") = "Abmes.DataCollector.Collector.App.Library", "Abmes.DataCollector.Collector.App.Library\Abmes.DataCollector.Collector.App.Library.csproj", "{8347C7A7-1DFC-4D0F-95D8-87C92517C1BA}"
EndProject
Project("{9A19103F-16F7-4668-BE54-9A1E7A4F7556}") = "Abmes.DataCollector.Vault.Services", "Abmes.DataCollector.Vault.Services\Abmes.DataCollector.Vault.Services.csproj", "{C2C1C414-B5EA-4829-A5E1-882E930A58E9}"
EndProject
Project("{9A19103F-16F7-4668-BE54-9A1E7A4F7556}") = "Abmes.DataCollector.Shared.Data.Amazon", "Abmes.DataCollector.Shared.Data.Amazon\Abmes.DataCollector.Shared.Data.Amazon.csproj", "{4B9208C6-8ED8-4553-99D9-63AB35C8B66F}"
EndProject
Project("{9A19103F-16F7-4668-BE54-9A1E7A4F7556}") = "Abmes.DataCollector.Vault.Data.Amazon", "Abmes.DataCollector.Vault.Data.Amazon\Abmes.DataCollector.Vault.Data.Amazon.csproj", "{1B611AFE-974E-48D0-B9F3-264C07C49B62}"
EndProject
Project("{9A19103F-16F7-4668-BE54-9A1E7A4F7556}") = "Abmes.DataCollector.Vault.Web.Library", "Abmes.DataCollector.Vault.Web.Library\Abmes.DataCollector.Vault.Web.Library.csproj", "{82B7438F-DFF6-472D-B704-F8C60BED092A}"
EndProject
Project("{2150E333-8FDC-42A3-9474-1A3956D46DE8}") = "Utils", "Utils", "{CC26CD81-5225-4FF3-9971-78075F4FFA9D}"
EndProject
Project("{9A19103F-16F7-4668-BE54-9A1E7A4F7556}") = "Abmes.DataCollector.Utils", "Abmes.DataCollector.Utils\Abmes.DataCollector.Utils.csproj", "{5CE75F34-60D7-4389-9A57-563DC897D283}"
EndProject
Project("{9A19103F-16F7-4668-BE54-9A1E7A4F7556}") = "Abmes.DataCollector.Utils.AspNetCore", "Abmes.DataCollector.Utils.AspNetCore\Abmes.DataCollector.Utils.AspNetCore.csproj", "{855E1AEE-ACBE-4041-A6F3-D3CD4ED45946}"
EndProject
Project("{9A19103F-16F7-4668-BE54-9A1E7A4F7556}") = "Abmes.DataCollector.Utils.DependencyInjection", "Abmes.DataCollector.Utils.DependencyInjection\Abmes.DataCollector.Utils.DependencyInjection.csproj", "{957384E8-CFA1-4A5E-9721-BC60B64BED01}"
EndProject
Project("{9A19103F-16F7-4668-BE54-9A1E7A4F7556}") = "Abmes.DataCollector.Vault.Web.AmazonLambda", "Abmes.DataCollector.Vault.Web.AmazonLambda\Abmes.DataCollector.Vault.Web.AmazonLambda.csproj", "{AE5A34BE-F853-4AB7-8BDB-9E9ACF07D45B}"
EndProject
Project("{9A19103F-16F7-4668-BE54-9A1E7A4F7556}") = "Abmes.DataCollector.Shared.Data.Azure", "Abmes.DataCollector.Shared.Data.Azure\Abmes.DataCollector.Shared.Data.Azure.csproj", "{8CAF5FB0-D2DA-44B6-A610-25B27D071091}"
EndProject
Project("{9A19103F-16F7-4668-BE54-9A1E7A4F7556}") = "Abmes.DataCollector.Collector.Data.Azure", "Abmes.DataCollector.Collector.Data.Azure\Abmes.DataCollector.Collector.Data.Azure.csproj", "{A43E57E3-F256-4607-B295-7F9E345D83B3}"
EndProject
Project("{9A19103F-16F7-4668-BE54-9A1E7A4F7556}") = "Abmes.DataCollector.Vault.Data.Azure", "Abmes.DataCollector.Vault.Data.Azure\Abmes.DataCollector.Vault.Data.Azure.csproj", "{0D98B457-BDBA-4817-BE38-3787E48357C4}"
EndProject
Project("{9A19103F-16F7-4668-BE54-9A1E7A4F7556}") = "Abmes.DataCollector.Collector.Data.Web", "Abmes.DataCollector.Collector.Data.Web\Abmes.DataCollector.Collector.Data.Web.csproj", "{61E2288B-F036-42DA-870A-E8052542717B}"
EndProject
Project("{9A19103F-16F7-4668-BE54-9A1E7A4F7556}") = "Abmes.DataCollector.Collector.Data.Console", "Abmes.DataCollector.Collector.Data.Console\Abmes.DataCollector.Collector.Data.Console.csproj", "{92826E73-BA24-4E9D-B55A-64CAF381DF42}"
EndProject
Project("{9A19103F-16F7-4668-BE54-9A1E7A4F7556}") = "Abmes.DataCollector.Collector.Web.Library", "Abmes.DataCollector.Collector.Web.Library\Abmes.DataCollector.Collector.Web.Library.csproj", "{CCB7FC6C-270B-40D8-8BE2-B1006F4579AB}"
EndProject
Project("{9A19103F-16F7-4668-BE54-9A1E7A4F7556}") = "Abmes.DataCollector.Collector.App.AmazonLambda", "Abmes.DataCollector.Collector.App.AmazonLambda\Abmes.DataCollector.Collector.App.AmazonLambda.csproj", "{6357B0FD-3E44-4BB9-92E4-2DA91BD1685B}"
EndProject
Project("{9A19103F-16F7-4668-BE54-9A1E7A4F7556}") = "Abmes.DataCollector.Collector.Data.FileSystem", "Abmes.DataCollector.Collector.Data.FileSystem\Abmes.DataCollector.Collector.Data.FileSystem.csproj", "{B568D7B9-049A-43DE-8B0B-687B85511F2D}"
EndProject
Project("{9A19103F-16F7-4668-BE54-9A1E7A4F7556}") = "Abmes.DataCollector.Shared.Data.FileSystem", "Abmes.DataCollector.Shared.Data.FileSystem\Abmes.DataCollector.Shared.Data.FileSystem.csproj", "{90DC4BFB-8A73-4869-B00F-F497E12221B9}"
EndProject
Project("{9A19103F-16F7-4668-BE54-9A1E7A4F7556}") = "Abmes.DataCollector.Shared.Data.Web", "Abmes.DataCollector.Shared.Data.Web\Abmes.DataCollector.Shared.Data.Web.csproj", "{476A2904-7846-40D6-9C4A-EC21096DCD3F}"
EndProject
Project("{9A19103F-16F7-4668-BE54-9A1E7A4F7556}") = "Abmes.DataCollector.Vault.Data.FileSystem", "Abmes.DataCollector.Vault.Data.FileSystem\Abmes.DataCollector.Vault.Data.FileSystem.csproj", "{A07B5EDF-8612-44F6-9245-D3337E64E9FF}"
EndProject
Project("{9A19103F-16F7-4668-BE54-9A1E7A4F7556}") = "Abmes.DataCollector.Utils.Polly", "Abmes.DataCollector.Utils.Polly\Abmes.DataCollector.Utils.Polly.csproj", "{2D5CD6D6-5B35-40DC-BB58-36212E2CAE56}"
EndProject
Project("{9A19103F-16F7-4668-BE54-9A1E7A4F7556}") = "Abmes.DataCollector.Collector.Web.Controllers", "Abmes.DataCollector.Collector.Web.Controllers\Abmes.DataCollector.Collector.Web.Controllers.csproj", "{D684DE53-C547-4AAF-9E9C-2FCABD885917}"
EndProject
Project("{9A19103F-16F7-4668-BE54-9A1E7A4F7556}") = "Abmes.DataCollector.Vault.Web.Controllers", "Abmes.DataCollector.Vault.Web.Controllers\Abmes.DataCollector.Vault.Web.Controllers.csproj", "{A25D0A70-2E63-49B9-B8B5-434B189E6909}"
EndProject
Project("{9A19103F-16F7-4668-BE54-9A1E7A4F7556}") = "Abmes.DataCollector.Vault.Data", "Abmes.DataCollector.Vault.Data\Abmes.DataCollector.Vault.Data.csproj", "{DEE23059-08E6-4FFA-9D4A-E5A04D25B7E3}"
EndProject
Project("{9A19103F-16F7-4668-BE54-9A1E7A4F7556}") = "Abmes.DataCollector.Shared", "Abmes.DataCollector.Shared\Abmes.DataCollector.Shared.csproj", "{56DC5DE5-42D8-497E-9A6E-A7B7D28E4222}"
EndProject
Project("{9A19103F-16F7-4668-BE54-9A1E7A4F7556}") = "Abmes.DataCollector.Vault.Services.Contracts", "Abmes.DataCollector.Vault.Services.Contracts\Abmes.DataCollector.Vault.Services.Contracts.csproj", "{1CF640A5-87EE-4B78-9DBA-6B18969855AD}"
EndProject
Project("{9A19103F-16F7-4668-BE54-9A1E7A4F7556}") = "Abmes.DataCollector.Vault.Web.WebApi", "Abmes.DataCollector.Vault.Web.WebApi\Abmes.DataCollector.Vault.Web.WebApi.csproj", "{DB948BC8-A146-4F6C-A62B-A7CE58E67207}"
EndProject
Project("{9A19103F-16F7-4668-BE54-9A1E7A4F7556}") = "Abmes.DataCollector.Collector.Services.Contracts", "Abmes.DataCollector.Collector.Services.Contracts\Abmes.DataCollector.Collector.Services.Contracts.csproj", "{B21CA8FA-33E2-4FD5-B31A-9361EC011513}"
EndProject
Project("{FAE04EC0-301F-11D3-BF4B-00C04F79EFBC}") = "Abmes.DataCollector.Vault.Services.Ports", "Abmes.DataCollector.Vault.Services.Ports\Abmes.DataCollector.Vault.Services.Ports.csproj", "{DD7E20AD-BDE7-46B6-99F7-B949E0EB6D9D}"
EndProject
Project("{FAE04EC0-301F-11D3-BF4B-00C04F79EFBC}") = "Abmes.DataCollector.Vault.Services.DI", "Abmes.DataCollector.Vault.Services.DI\Abmes.DataCollector.Vault.Services.DI.csproj", "{7C8191DA-066B-476D-8DCB-8D234DDBB0A9}"
EndProject
Project("{FAE04EC0-301F-11D3-BF4B-00C04F79EFBC}") = "Abmes.DataCollector.Collector.Services.Ports", "Abmes.DataCollector.Collector.Services.Ports\Abmes.DataCollector.Collector.Services.Ports.csproj", "{FFC23DDD-3AF9-4601-9D37-7F33A74F4653}"
EndProject
Project("{FAE04EC0-301F-11D3-BF4B-00C04F79EFBC}") = "Abmes.DataCollector.Collector.Services.DI", "Abmes.DataCollector.Collector.Services.DI\Abmes.DataCollector.Collector.Services.DI.csproj", "{134389BD-FEFC-4A6B-99FB-BAFCD1E654FD}"
EndProject
Project("{FAE04EC0-301F-11D3-BF4B-00C04F79EFBC}") = "Abmes.DataCollector.Shared.Services", "Abmes.DataCollector.Shared.Services\Abmes.DataCollector.Shared.Services.csproj", "{B1F42953-0FD0-48A3-940D-48FF3490F77D}"
EndProject
Project("{FAE04EC0-301F-11D3-BF4B-00C04F79EFBC}") = "Abmes.DataCollector.Shared.Services.DI", "Abmes.DataCollector.Shared.Services.DI\Abmes.DataCollector.Shared.Services.DI.csproj", "{0AB3F89C-1224-4D6D-8BB1-37BD13A1210D}"
EndProject
Project("{FAE04EC0-301F-11D3-BF4B-00C04F79EFBC}") = "Abmes.DataCollector.Vault.Web.AspNetCore", "Abmes.DataCollector.Vault.Web.AspNetCore\Abmes.DataCollector.Vault.Web.AspNetCore.csproj", "{768CEECA-056A-46B8-89AC-F25FE36ED3F8}"
EndProject
Project("{FAE04EC0-301F-11D3-BF4B-00C04F79EFBC}") = "Abmes.DataCollector.Vault.Data.AspNetCore", "Abmes.DataCollector.Vault.Data.AspNetCore\Abmes.DataCollector.Vault.Data.AspNetCore.csproj", "{A9C849D3-0870-44A8-ADE7-D2C3A62FAC63}"
EndProject
Project("{FAE04EC0-301F-11D3-BF4B-00C04F79EFBC}") = "Abmes.DataCollector.Collector.Data.CommandLine", "Abmes.DataCollector.Collector.Data.CommandLine\Abmes.DataCollector.Collector.Data.CommandLine.csproj", "{B8F8F04F-CD84-4199-860D-A4D325AF4D02}"
EndProject
Project("{FAE04EC0-301F-11D3-BF4B-00C04F79EFBC}") = "Abmes.DataCollector.Shared.Services.Ports", "Abmes.DataCollector.Shared.Services.Ports\Abmes.DataCollector.Shared.Services.Ports.csproj", "{D13DA9F0-F0D9-4727-A4A5-B4A8739FEB4E}"
EndProject
Project("{FAE04EC0-301F-11D3-BF4B-00C04F79EFBC}") = "Abmes.DataCollector.Vault.Data.Empty", "Abmes.DataCollector.Vault.Data.Empty\Abmes.DataCollector.Vault.Data.Empty.csproj", "{9FAB83AE-75D1-494A-B638-981BB3E71AE7}"
EndProject
Project("{FAE04EC0-301F-11D3-BF4B-00C04F79EFBC}") = "Abmes.DataCollector.Shared.Data.Configuration", "Abmes.DataCollector.Shared.Data.Configuration\Abmes.DataCollector.Shared.Data.Configuration.csproj", "{48DDA08D-C3E4-46FA-BA86-A687962B3566}"
EndProject
Project("{FAE04EC0-301F-11D3-BF4B-00C04F79EFBC}") = "Abmes.DataCollector.Collector.Data.Http", "Abmes.DataCollector.Collector.Data.Http\Abmes.DataCollector.Collector.Data.Http.csproj", "{5F6805F4-0A76-4F37-951D-5620F86F97D8}"
EndProject
Project("{FAE04EC0-301F-11D3-BF4B-00C04F79EFBC}") = "Abmes.DataCollector.Collector.Data.Common", "Abmes.DataCollector.Collector.Data.Common\Abmes.DataCollector.Collector.Data.Common.csproj", "{C5DA6A4F-4492-4113-A5BF-0750679BEB7B}"
EndProject
Global
	GlobalSection(SolutionConfigurationPlatforms) = preSolution
		Debug|Any CPU = Debug|Any CPU
		Release|Any CPU = Release|Any CPU
	EndGlobalSection
	GlobalSection(ProjectConfigurationPlatforms) = postSolution
		{F38B6814-FDF9-4906-BBC9-43B6C308EA6B}.Debug|Any CPU.ActiveCfg = Debug|Any CPU
		{F38B6814-FDF9-4906-BBC9-43B6C308EA6B}.Debug|Any CPU.Build.0 = Debug|Any CPU
		{F38B6814-FDF9-4906-BBC9-43B6C308EA6B}.Release|Any CPU.ActiveCfg = Release|Any CPU
		{F38B6814-FDF9-4906-BBC9-43B6C308EA6B}.Release|Any CPU.Build.0 = Release|Any CPU
		{55611575-C016-4A27-9301-5196C79F4F29}.Debug|Any CPU.ActiveCfg = Debug|Any CPU
		{55611575-C016-4A27-9301-5196C79F4F29}.Debug|Any CPU.Build.0 = Debug|Any CPU
		{55611575-C016-4A27-9301-5196C79F4F29}.Release|Any CPU.ActiveCfg = Release|Any CPU
		{55611575-C016-4A27-9301-5196C79F4F29}.Release|Any CPU.Build.0 = Release|Any CPU
		{5D2CBE49-2521-4498-832E-52A1B8313A88}.Debug|Any CPU.ActiveCfg = Debug|Any CPU
		{5D2CBE49-2521-4498-832E-52A1B8313A88}.Debug|Any CPU.Build.0 = Debug|Any CPU
		{5D2CBE49-2521-4498-832E-52A1B8313A88}.Release|Any CPU.ActiveCfg = Release|Any CPU
		{5D2CBE49-2521-4498-832E-52A1B8313A88}.Release|Any CPU.Build.0 = Release|Any CPU
		{91B96DD6-3A61-436C-8C6D-B9782A6E9430}.Debug|Any CPU.ActiveCfg = Debug|Any CPU
		{91B96DD6-3A61-436C-8C6D-B9782A6E9430}.Debug|Any CPU.Build.0 = Debug|Any CPU
		{91B96DD6-3A61-436C-8C6D-B9782A6E9430}.Release|Any CPU.ActiveCfg = Release|Any CPU
		{91B96DD6-3A61-436C-8C6D-B9782A6E9430}.Release|Any CPU.Build.0 = Release|Any CPU
		{008B8852-C1E7-469D-A42B-D0220A772D89}.Debug|Any CPU.ActiveCfg = Debug|Any CPU
		{008B8852-C1E7-469D-A42B-D0220A772D89}.Debug|Any CPU.Build.0 = Debug|Any CPU
		{008B8852-C1E7-469D-A42B-D0220A772D89}.Release|Any CPU.ActiveCfg = Release|Any CPU
		{008B8852-C1E7-469D-A42B-D0220A772D89}.Release|Any CPU.Build.0 = Release|Any CPU
		{8347C7A7-1DFC-4D0F-95D8-87C92517C1BA}.Debug|Any CPU.ActiveCfg = Debug|Any CPU
		{8347C7A7-1DFC-4D0F-95D8-87C92517C1BA}.Debug|Any CPU.Build.0 = Debug|Any CPU
		{8347C7A7-1DFC-4D0F-95D8-87C92517C1BA}.Release|Any CPU.ActiveCfg = Release|Any CPU
		{8347C7A7-1DFC-4D0F-95D8-87C92517C1BA}.Release|Any CPU.Build.0 = Release|Any CPU
		{C2C1C414-B5EA-4829-A5E1-882E930A58E9}.Debug|Any CPU.ActiveCfg = Debug|Any CPU
		{C2C1C414-B5EA-4829-A5E1-882E930A58E9}.Debug|Any CPU.Build.0 = Debug|Any CPU
		{C2C1C414-B5EA-4829-A5E1-882E930A58E9}.Release|Any CPU.ActiveCfg = Release|Any CPU
		{C2C1C414-B5EA-4829-A5E1-882E930A58E9}.Release|Any CPU.Build.0 = Release|Any CPU
		{4B9208C6-8ED8-4553-99D9-63AB35C8B66F}.Debug|Any CPU.ActiveCfg = Debug|Any CPU
		{4B9208C6-8ED8-4553-99D9-63AB35C8B66F}.Debug|Any CPU.Build.0 = Debug|Any CPU
		{4B9208C6-8ED8-4553-99D9-63AB35C8B66F}.Release|Any CPU.ActiveCfg = Release|Any CPU
		{4B9208C6-8ED8-4553-99D9-63AB35C8B66F}.Release|Any CPU.Build.0 = Release|Any CPU
		{1B611AFE-974E-48D0-B9F3-264C07C49B62}.Debug|Any CPU.ActiveCfg = Debug|Any CPU
		{1B611AFE-974E-48D0-B9F3-264C07C49B62}.Debug|Any CPU.Build.0 = Debug|Any CPU
		{1B611AFE-974E-48D0-B9F3-264C07C49B62}.Release|Any CPU.ActiveCfg = Release|Any CPU
		{1B611AFE-974E-48D0-B9F3-264C07C49B62}.Release|Any CPU.Build.0 = Release|Any CPU
		{82B7438F-DFF6-472D-B704-F8C60BED092A}.Debug|Any CPU.ActiveCfg = Debug|Any CPU
		{82B7438F-DFF6-472D-B704-F8C60BED092A}.Debug|Any CPU.Build.0 = Debug|Any CPU
		{82B7438F-DFF6-472D-B704-F8C60BED092A}.Release|Any CPU.ActiveCfg = Release|Any CPU
		{82B7438F-DFF6-472D-B704-F8C60BED092A}.Release|Any CPU.Build.0 = Release|Any CPU
		{5CE75F34-60D7-4389-9A57-563DC897D283}.Debug|Any CPU.ActiveCfg = Debug|Any CPU
		{5CE75F34-60D7-4389-9A57-563DC897D283}.Debug|Any CPU.Build.0 = Debug|Any CPU
		{5CE75F34-60D7-4389-9A57-563DC897D283}.Release|Any CPU.ActiveCfg = Release|Any CPU
		{5CE75F34-60D7-4389-9A57-563DC897D283}.Release|Any CPU.Build.0 = Release|Any CPU
		{855E1AEE-ACBE-4041-A6F3-D3CD4ED45946}.Debug|Any CPU.ActiveCfg = Debug|Any CPU
		{855E1AEE-ACBE-4041-A6F3-D3CD4ED45946}.Debug|Any CPU.Build.0 = Debug|Any CPU
		{855E1AEE-ACBE-4041-A6F3-D3CD4ED45946}.Release|Any CPU.ActiveCfg = Release|Any CPU
		{855E1AEE-ACBE-4041-A6F3-D3CD4ED45946}.Release|Any CPU.Build.0 = Release|Any CPU
		{957384E8-CFA1-4A5E-9721-BC60B64BED01}.Debug|Any CPU.ActiveCfg = Debug|Any CPU
		{957384E8-CFA1-4A5E-9721-BC60B64BED01}.Debug|Any CPU.Build.0 = Debug|Any CPU
		{957384E8-CFA1-4A5E-9721-BC60B64BED01}.Release|Any CPU.ActiveCfg = Release|Any CPU
		{957384E8-CFA1-4A5E-9721-BC60B64BED01}.Release|Any CPU.Build.0 = Release|Any CPU
		{AE5A34BE-F853-4AB7-8BDB-9E9ACF07D45B}.Debug|Any CPU.ActiveCfg = Debug|Any CPU
		{AE5A34BE-F853-4AB7-8BDB-9E9ACF07D45B}.Debug|Any CPU.Build.0 = Debug|Any CPU
		{AE5A34BE-F853-4AB7-8BDB-9E9ACF07D45B}.Release|Any CPU.ActiveCfg = Release|Any CPU
		{AE5A34BE-F853-4AB7-8BDB-9E9ACF07D45B}.Release|Any CPU.Build.0 = Release|Any CPU
		{8CAF5FB0-D2DA-44B6-A610-25B27D071091}.Debug|Any CPU.ActiveCfg = Debug|Any CPU
		{8CAF5FB0-D2DA-44B6-A610-25B27D071091}.Debug|Any CPU.Build.0 = Debug|Any CPU
		{8CAF5FB0-D2DA-44B6-A610-25B27D071091}.Release|Any CPU.ActiveCfg = Release|Any CPU
		{8CAF5FB0-D2DA-44B6-A610-25B27D071091}.Release|Any CPU.Build.0 = Release|Any CPU
		{A43E57E3-F256-4607-B295-7F9E345D83B3}.Debug|Any CPU.ActiveCfg = Debug|Any CPU
		{A43E57E3-F256-4607-B295-7F9E345D83B3}.Debug|Any CPU.Build.0 = Debug|Any CPU
		{A43E57E3-F256-4607-B295-7F9E345D83B3}.Release|Any CPU.ActiveCfg = Release|Any CPU
		{A43E57E3-F256-4607-B295-7F9E345D83B3}.Release|Any CPU.Build.0 = Release|Any CPU
		{0D98B457-BDBA-4817-BE38-3787E48357C4}.Debug|Any CPU.ActiveCfg = Debug|Any CPU
		{0D98B457-BDBA-4817-BE38-3787E48357C4}.Debug|Any CPU.Build.0 = Debug|Any CPU
		{0D98B457-BDBA-4817-BE38-3787E48357C4}.Release|Any CPU.ActiveCfg = Release|Any CPU
		{0D98B457-BDBA-4817-BE38-3787E48357C4}.Release|Any CPU.Build.0 = Release|Any CPU
		{61E2288B-F036-42DA-870A-E8052542717B}.Debug|Any CPU.ActiveCfg = Debug|Any CPU
		{61E2288B-F036-42DA-870A-E8052542717B}.Debug|Any CPU.Build.0 = Debug|Any CPU
		{61E2288B-F036-42DA-870A-E8052542717B}.Release|Any CPU.ActiveCfg = Release|Any CPU
		{61E2288B-F036-42DA-870A-E8052542717B}.Release|Any CPU.Build.0 = Release|Any CPU
		{92826E73-BA24-4E9D-B55A-64CAF381DF42}.Debug|Any CPU.ActiveCfg = Debug|Any CPU
		{92826E73-BA24-4E9D-B55A-64CAF381DF42}.Debug|Any CPU.Build.0 = Debug|Any CPU
		{92826E73-BA24-4E9D-B55A-64CAF381DF42}.Release|Any CPU.ActiveCfg = Release|Any CPU
		{92826E73-BA24-4E9D-B55A-64CAF381DF42}.Release|Any CPU.Build.0 = Release|Any CPU
		{CCB7FC6C-270B-40D8-8BE2-B1006F4579AB}.Debug|Any CPU.ActiveCfg = Debug|Any CPU
		{CCB7FC6C-270B-40D8-8BE2-B1006F4579AB}.Debug|Any CPU.Build.0 = Debug|Any CPU
		{CCB7FC6C-270B-40D8-8BE2-B1006F4579AB}.Release|Any CPU.ActiveCfg = Release|Any CPU
		{CCB7FC6C-270B-40D8-8BE2-B1006F4579AB}.Release|Any CPU.Build.0 = Release|Any CPU
		{6357B0FD-3E44-4BB9-92E4-2DA91BD1685B}.Debug|Any CPU.ActiveCfg = Debug|Any CPU
		{6357B0FD-3E44-4BB9-92E4-2DA91BD1685B}.Debug|Any CPU.Build.0 = Debug|Any CPU
		{6357B0FD-3E44-4BB9-92E4-2DA91BD1685B}.Release|Any CPU.ActiveCfg = Release|Any CPU
		{6357B0FD-3E44-4BB9-92E4-2DA91BD1685B}.Release|Any CPU.Build.0 = Release|Any CPU
		{B568D7B9-049A-43DE-8B0B-687B85511F2D}.Debug|Any CPU.ActiveCfg = Debug|Any CPU
		{B568D7B9-049A-43DE-8B0B-687B85511F2D}.Debug|Any CPU.Build.0 = Debug|Any CPU
		{B568D7B9-049A-43DE-8B0B-687B85511F2D}.Release|Any CPU.ActiveCfg = Release|Any CPU
		{B568D7B9-049A-43DE-8B0B-687B85511F2D}.Release|Any CPU.Build.0 = Release|Any CPU
		{90DC4BFB-8A73-4869-B00F-F497E12221B9}.Debug|Any CPU.ActiveCfg = Debug|Any CPU
		{90DC4BFB-8A73-4869-B00F-F497E12221B9}.Debug|Any CPU.Build.0 = Debug|Any CPU
		{90DC4BFB-8A73-4869-B00F-F497E12221B9}.Release|Any CPU.ActiveCfg = Release|Any CPU
		{90DC4BFB-8A73-4869-B00F-F497E12221B9}.Release|Any CPU.Build.0 = Release|Any CPU
		{476A2904-7846-40D6-9C4A-EC21096DCD3F}.Debug|Any CPU.ActiveCfg = Debug|Any CPU
		{476A2904-7846-40D6-9C4A-EC21096DCD3F}.Debug|Any CPU.Build.0 = Debug|Any CPU
		{476A2904-7846-40D6-9C4A-EC21096DCD3F}.Release|Any CPU.ActiveCfg = Release|Any CPU
		{476A2904-7846-40D6-9C4A-EC21096DCD3F}.Release|Any CPU.Build.0 = Release|Any CPU
		{A07B5EDF-8612-44F6-9245-D3337E64E9FF}.Debug|Any CPU.ActiveCfg = Debug|Any CPU
		{A07B5EDF-8612-44F6-9245-D3337E64E9FF}.Debug|Any CPU.Build.0 = Debug|Any CPU
		{A07B5EDF-8612-44F6-9245-D3337E64E9FF}.Release|Any CPU.ActiveCfg = Release|Any CPU
		{A07B5EDF-8612-44F6-9245-D3337E64E9FF}.Release|Any CPU.Build.0 = Release|Any CPU
		{2D5CD6D6-5B35-40DC-BB58-36212E2CAE56}.Debug|Any CPU.ActiveCfg = Debug|Any CPU
		{2D5CD6D6-5B35-40DC-BB58-36212E2CAE56}.Debug|Any CPU.Build.0 = Debug|Any CPU
		{2D5CD6D6-5B35-40DC-BB58-36212E2CAE56}.Release|Any CPU.ActiveCfg = Release|Any CPU
		{2D5CD6D6-5B35-40DC-BB58-36212E2CAE56}.Release|Any CPU.Build.0 = Release|Any CPU
		{D684DE53-C547-4AAF-9E9C-2FCABD885917}.Debug|Any CPU.ActiveCfg = Debug|Any CPU
		{D684DE53-C547-4AAF-9E9C-2FCABD885917}.Debug|Any CPU.Build.0 = Debug|Any CPU
		{D684DE53-C547-4AAF-9E9C-2FCABD885917}.Release|Any CPU.ActiveCfg = Release|Any CPU
		{D684DE53-C547-4AAF-9E9C-2FCABD885917}.Release|Any CPU.Build.0 = Release|Any CPU
		{A25D0A70-2E63-49B9-B8B5-434B189E6909}.Debug|Any CPU.ActiveCfg = Debug|Any CPU
		{A25D0A70-2E63-49B9-B8B5-434B189E6909}.Debug|Any CPU.Build.0 = Debug|Any CPU
		{A25D0A70-2E63-49B9-B8B5-434B189E6909}.Release|Any CPU.ActiveCfg = Release|Any CPU
		{A25D0A70-2E63-49B9-B8B5-434B189E6909}.Release|Any CPU.Build.0 = Release|Any CPU
		{DEE23059-08E6-4FFA-9D4A-E5A04D25B7E3}.Debug|Any CPU.ActiveCfg = Debug|Any CPU
		{DEE23059-08E6-4FFA-9D4A-E5A04D25B7E3}.Debug|Any CPU.Build.0 = Debug|Any CPU
		{DEE23059-08E6-4FFA-9D4A-E5A04D25B7E3}.Release|Any CPU.ActiveCfg = Release|Any CPU
		{DEE23059-08E6-4FFA-9D4A-E5A04D25B7E3}.Release|Any CPU.Build.0 = Release|Any CPU
		{56DC5DE5-42D8-497E-9A6E-A7B7D28E4222}.Debug|Any CPU.ActiveCfg = Debug|Any CPU
		{56DC5DE5-42D8-497E-9A6E-A7B7D28E4222}.Debug|Any CPU.Build.0 = Debug|Any CPU
		{56DC5DE5-42D8-497E-9A6E-A7B7D28E4222}.Release|Any CPU.ActiveCfg = Release|Any CPU
		{56DC5DE5-42D8-497E-9A6E-A7B7D28E4222}.Release|Any CPU.Build.0 = Release|Any CPU
		{1CF640A5-87EE-4B78-9DBA-6B18969855AD}.Debug|Any CPU.ActiveCfg = Debug|Any CPU
		{1CF640A5-87EE-4B78-9DBA-6B18969855AD}.Debug|Any CPU.Build.0 = Debug|Any CPU
		{1CF640A5-87EE-4B78-9DBA-6B18969855AD}.Release|Any CPU.ActiveCfg = Release|Any CPU
		{1CF640A5-87EE-4B78-9DBA-6B18969855AD}.Release|Any CPU.Build.0 = Release|Any CPU
		{DB948BC8-A146-4F6C-A62B-A7CE58E67207}.Debug|Any CPU.ActiveCfg = Debug|Any CPU
		{DB948BC8-A146-4F6C-A62B-A7CE58E67207}.Debug|Any CPU.Build.0 = Debug|Any CPU
		{DB948BC8-A146-4F6C-A62B-A7CE58E67207}.Release|Any CPU.ActiveCfg = Release|Any CPU
		{DB948BC8-A146-4F6C-A62B-A7CE58E67207}.Release|Any CPU.Build.0 = Release|Any CPU
		{B21CA8FA-33E2-4FD5-B31A-9361EC011513}.Debug|Any CPU.ActiveCfg = Debug|Any CPU
		{B21CA8FA-33E2-4FD5-B31A-9361EC011513}.Debug|Any CPU.Build.0 = Debug|Any CPU
		{B21CA8FA-33E2-4FD5-B31A-9361EC011513}.Release|Any CPU.ActiveCfg = Release|Any CPU
		{B21CA8FA-33E2-4FD5-B31A-9361EC011513}.Release|Any CPU.Build.0 = Release|Any CPU
		{DD7E20AD-BDE7-46B6-99F7-B949E0EB6D9D}.Debug|Any CPU.ActiveCfg = Debug|Any CPU
		{DD7E20AD-BDE7-46B6-99F7-B949E0EB6D9D}.Debug|Any CPU.Build.0 = Debug|Any CPU
		{DD7E20AD-BDE7-46B6-99F7-B949E0EB6D9D}.Release|Any CPU.ActiveCfg = Release|Any CPU
		{DD7E20AD-BDE7-46B6-99F7-B949E0EB6D9D}.Release|Any CPU.Build.0 = Release|Any CPU
		{7C8191DA-066B-476D-8DCB-8D234DDBB0A9}.Debug|Any CPU.ActiveCfg = Debug|Any CPU
		{7C8191DA-066B-476D-8DCB-8D234DDBB0A9}.Debug|Any CPU.Build.0 = Debug|Any CPU
		{7C8191DA-066B-476D-8DCB-8D234DDBB0A9}.Release|Any CPU.ActiveCfg = Release|Any CPU
		{7C8191DA-066B-476D-8DCB-8D234DDBB0A9}.Release|Any CPU.Build.0 = Release|Any CPU
		{FFC23DDD-3AF9-4601-9D37-7F33A74F4653}.Debug|Any CPU.ActiveCfg = Debug|Any CPU
		{FFC23DDD-3AF9-4601-9D37-7F33A74F4653}.Debug|Any CPU.Build.0 = Debug|Any CPU
		{FFC23DDD-3AF9-4601-9D37-7F33A74F4653}.Release|Any CPU.ActiveCfg = Release|Any CPU
		{FFC23DDD-3AF9-4601-9D37-7F33A74F4653}.Release|Any CPU.Build.0 = Release|Any CPU
		{134389BD-FEFC-4A6B-99FB-BAFCD1E654FD}.Debug|Any CPU.ActiveCfg = Debug|Any CPU
		{134389BD-FEFC-4A6B-99FB-BAFCD1E654FD}.Debug|Any CPU.Build.0 = Debug|Any CPU
		{134389BD-FEFC-4A6B-99FB-BAFCD1E654FD}.Release|Any CPU.ActiveCfg = Release|Any CPU
		{134389BD-FEFC-4A6B-99FB-BAFCD1E654FD}.Release|Any CPU.Build.0 = Release|Any CPU
		{B1F42953-0FD0-48A3-940D-48FF3490F77D}.Debug|Any CPU.ActiveCfg = Debug|Any CPU
		{B1F42953-0FD0-48A3-940D-48FF3490F77D}.Debug|Any CPU.Build.0 = Debug|Any CPU
		{B1F42953-0FD0-48A3-940D-48FF3490F77D}.Release|Any CPU.ActiveCfg = Release|Any CPU
		{B1F42953-0FD0-48A3-940D-48FF3490F77D}.Release|Any CPU.Build.0 = Release|Any CPU
		{0AB3F89C-1224-4D6D-8BB1-37BD13A1210D}.Debug|Any CPU.ActiveCfg = Debug|Any CPU
		{0AB3F89C-1224-4D6D-8BB1-37BD13A1210D}.Debug|Any CPU.Build.0 = Debug|Any CPU
		{0AB3F89C-1224-4D6D-8BB1-37BD13A1210D}.Release|Any CPU.ActiveCfg = Release|Any CPU
		{0AB3F89C-1224-4D6D-8BB1-37BD13A1210D}.Release|Any CPU.Build.0 = Release|Any CPU
		{768CEECA-056A-46B8-89AC-F25FE36ED3F8}.Debug|Any CPU.ActiveCfg = Debug|Any CPU
		{768CEECA-056A-46B8-89AC-F25FE36ED3F8}.Debug|Any CPU.Build.0 = Debug|Any CPU
		{768CEECA-056A-46B8-89AC-F25FE36ED3F8}.Release|Any CPU.ActiveCfg = Release|Any CPU
		{768CEECA-056A-46B8-89AC-F25FE36ED3F8}.Release|Any CPU.Build.0 = Release|Any CPU
		{A9C849D3-0870-44A8-ADE7-D2C3A62FAC63}.Debug|Any CPU.ActiveCfg = Debug|Any CPU
		{A9C849D3-0870-44A8-ADE7-D2C3A62FAC63}.Debug|Any CPU.Build.0 = Debug|Any CPU
		{A9C849D3-0870-44A8-ADE7-D2C3A62FAC63}.Release|Any CPU.ActiveCfg = Release|Any CPU
		{A9C849D3-0870-44A8-ADE7-D2C3A62FAC63}.Release|Any CPU.Build.0 = Release|Any CPU
		{B8F8F04F-CD84-4199-860D-A4D325AF4D02}.Debug|Any CPU.ActiveCfg = Debug|Any CPU
		{B8F8F04F-CD84-4199-860D-A4D325AF4D02}.Debug|Any CPU.Build.0 = Debug|Any CPU
		{B8F8F04F-CD84-4199-860D-A4D325AF4D02}.Release|Any CPU.ActiveCfg = Release|Any CPU
		{B8F8F04F-CD84-4199-860D-A4D325AF4D02}.Release|Any CPU.Build.0 = Release|Any CPU
		{D13DA9F0-F0D9-4727-A4A5-B4A8739FEB4E}.Debug|Any CPU.ActiveCfg = Debug|Any CPU
		{D13DA9F0-F0D9-4727-A4A5-B4A8739FEB4E}.Debug|Any CPU.Build.0 = Debug|Any CPU
		{D13DA9F0-F0D9-4727-A4A5-B4A8739FEB4E}.Release|Any CPU.ActiveCfg = Release|Any CPU
		{D13DA9F0-F0D9-4727-A4A5-B4A8739FEB4E}.Release|Any CPU.Build.0 = Release|Any CPU
		{9FAB83AE-75D1-494A-B638-981BB3E71AE7}.Debug|Any CPU.ActiveCfg = Debug|Any CPU
		{9FAB83AE-75D1-494A-B638-981BB3E71AE7}.Debug|Any CPU.Build.0 = Debug|Any CPU
		{9FAB83AE-75D1-494A-B638-981BB3E71AE7}.Release|Any CPU.ActiveCfg = Release|Any CPU
		{9FAB83AE-75D1-494A-B638-981BB3E71AE7}.Release|Any CPU.Build.0 = Release|Any CPU
		{48DDA08D-C3E4-46FA-BA86-A687962B3566}.Debug|Any CPU.ActiveCfg = Debug|Any CPU
		{48DDA08D-C3E4-46FA-BA86-A687962B3566}.Debug|Any CPU.Build.0 = Debug|Any CPU
		{48DDA08D-C3E4-46FA-BA86-A687962B3566}.Release|Any CPU.ActiveCfg = Release|Any CPU
		{48DDA08D-C3E4-46FA-BA86-A687962B3566}.Release|Any CPU.Build.0 = Release|Any CPU
		{5F6805F4-0A76-4F37-951D-5620F86F97D8}.Debug|Any CPU.ActiveCfg = Debug|Any CPU
		{5F6805F4-0A76-4F37-951D-5620F86F97D8}.Debug|Any CPU.Build.0 = Debug|Any CPU
		{5F6805F4-0A76-4F37-951D-5620F86F97D8}.Release|Any CPU.ActiveCfg = Release|Any CPU
		{5F6805F4-0A76-4F37-951D-5620F86F97D8}.Release|Any CPU.Build.0 = Release|Any CPU
		{C5DA6A4F-4492-4113-A5BF-0750679BEB7B}.Debug|Any CPU.ActiveCfg = Debug|Any CPU
		{C5DA6A4F-4492-4113-A5BF-0750679BEB7B}.Debug|Any CPU.Build.0 = Debug|Any CPU
		{C5DA6A4F-4492-4113-A5BF-0750679BEB7B}.Release|Any CPU.ActiveCfg = Release|Any CPU
		{C5DA6A4F-4492-4113-A5BF-0750679BEB7B}.Release|Any CPU.Build.0 = Release|Any CPU
	EndGlobalSection
	GlobalSection(SolutionProperties) = preSolution
		HideSolutionNode = FALSE
	EndGlobalSection
	GlobalSection(NestedProjects) = preSolution
		{F38B6814-FDF9-4906-BBC9-43B6C308EA6B} = {B6EB5572-088B-4FE8-8A3A-B274D674645F}
		{55611575-C016-4A27-9301-5196C79F4F29} = {1687A416-C25F-4BAF-BE33-F4646A08711C}
		{5D2CBE49-2521-4498-832E-52A1B8313A88} = {1687A416-C25F-4BAF-BE33-F4646A08711C}
		{91B96DD6-3A61-436C-8C6D-B9782A6E9430} = {1687A416-C25F-4BAF-BE33-F4646A08711C}
		{008B8852-C1E7-469D-A42B-D0220A772D89} = {1687A416-C25F-4BAF-BE33-F4646A08711C}
		{8347C7A7-1DFC-4D0F-95D8-87C92517C1BA} = {1687A416-C25F-4BAF-BE33-F4646A08711C}
		{C2C1C414-B5EA-4829-A5E1-882E930A58E9} = {4BCBEEAC-2D33-49E7-92EF-E2F0CB016B04}
		{4B9208C6-8ED8-4553-99D9-63AB35C8B66F} = {B6EB5572-088B-4FE8-8A3A-B274D674645F}
		{1B611AFE-974E-48D0-B9F3-264C07C49B62} = {4BCBEEAC-2D33-49E7-92EF-E2F0CB016B04}
		{82B7438F-DFF6-472D-B704-F8C60BED092A} = {4BCBEEAC-2D33-49E7-92EF-E2F0CB016B04}
		{5CE75F34-60D7-4389-9A57-563DC897D283} = {CC26CD81-5225-4FF3-9971-78075F4FFA9D}
		{855E1AEE-ACBE-4041-A6F3-D3CD4ED45946} = {CC26CD81-5225-4FF3-9971-78075F4FFA9D}
		{957384E8-CFA1-4A5E-9721-BC60B64BED01} = {CC26CD81-5225-4FF3-9971-78075F4FFA9D}
		{AE5A34BE-F853-4AB7-8BDB-9E9ACF07D45B} = {4BCBEEAC-2D33-49E7-92EF-E2F0CB016B04}
		{8CAF5FB0-D2DA-44B6-A610-25B27D071091} = {B6EB5572-088B-4FE8-8A3A-B274D674645F}
		{A43E57E3-F256-4607-B295-7F9E345D83B3} = {1687A416-C25F-4BAF-BE33-F4646A08711C}
		{0D98B457-BDBA-4817-BE38-3787E48357C4} = {4BCBEEAC-2D33-49E7-92EF-E2F0CB016B04}
		{61E2288B-F036-42DA-870A-E8052542717B} = {1687A416-C25F-4BAF-BE33-F4646A08711C}
		{92826E73-BA24-4E9D-B55A-64CAF381DF42} = {1687A416-C25F-4BAF-BE33-F4646A08711C}
		{CCB7FC6C-270B-40D8-8BE2-B1006F4579AB} = {1687A416-C25F-4BAF-BE33-F4646A08711C}
		{6357B0FD-3E44-4BB9-92E4-2DA91BD1685B} = {1687A416-C25F-4BAF-BE33-F4646A08711C}
		{B568D7B9-049A-43DE-8B0B-687B85511F2D} = {1687A416-C25F-4BAF-BE33-F4646A08711C}
		{90DC4BFB-8A73-4869-B00F-F497E12221B9} = {B6EB5572-088B-4FE8-8A3A-B274D674645F}
		{476A2904-7846-40D6-9C4A-EC21096DCD3F} = {B6EB5572-088B-4FE8-8A3A-B274D674645F}
		{A07B5EDF-8612-44F6-9245-D3337E64E9FF} = {4BCBEEAC-2D33-49E7-92EF-E2F0CB016B04}
		{2D5CD6D6-5B35-40DC-BB58-36212E2CAE56} = {CC26CD81-5225-4FF3-9971-78075F4FFA9D}
		{D684DE53-C547-4AAF-9E9C-2FCABD885917} = {1687A416-C25F-4BAF-BE33-F4646A08711C}
		{A25D0A70-2E63-49B9-B8B5-434B189E6909} = {4BCBEEAC-2D33-49E7-92EF-E2F0CB016B04}
		{DEE23059-08E6-4FFA-9D4A-E5A04D25B7E3} = {4BCBEEAC-2D33-49E7-92EF-E2F0CB016B04}
		{56DC5DE5-42D8-497E-9A6E-A7B7D28E4222} = {B6EB5572-088B-4FE8-8A3A-B274D674645F}
		{1CF640A5-87EE-4B78-9DBA-6B18969855AD} = {4BCBEEAC-2D33-49E7-92EF-E2F0CB016B04}
		{DB948BC8-A146-4F6C-A62B-A7CE58E67207} = {4BCBEEAC-2D33-49E7-92EF-E2F0CB016B04}
		{B21CA8FA-33E2-4FD5-B31A-9361EC011513} = {1687A416-C25F-4BAF-BE33-F4646A08711C}
		{DD7E20AD-BDE7-46B6-99F7-B949E0EB6D9D} = {4BCBEEAC-2D33-49E7-92EF-E2F0CB016B04}
		{7C8191DA-066B-476D-8DCB-8D234DDBB0A9} = {4BCBEEAC-2D33-49E7-92EF-E2F0CB016B04}
		{FFC23DDD-3AF9-4601-9D37-7F33A74F4653} = {1687A416-C25F-4BAF-BE33-F4646A08711C}
		{134389BD-FEFC-4A6B-99FB-BAFCD1E654FD} = {1687A416-C25F-4BAF-BE33-F4646A08711C}
		{B1F42953-0FD0-48A3-940D-48FF3490F77D} = {B6EB5572-088B-4FE8-8A3A-B274D674645F}
		{0AB3F89C-1224-4D6D-8BB1-37BD13A1210D} = {B6EB5572-088B-4FE8-8A3A-B274D674645F}
		{768CEECA-056A-46B8-89AC-F25FE36ED3F8} = {4BCBEEAC-2D33-49E7-92EF-E2F0CB016B04}
		{A9C849D3-0870-44A8-ADE7-D2C3A62FAC63} = {4BCBEEAC-2D33-49E7-92EF-E2F0CB016B04}
		{B8F8F04F-CD84-4199-860D-A4D325AF4D02} = {1687A416-C25F-4BAF-BE33-F4646A08711C}
		{D13DA9F0-F0D9-4727-A4A5-B4A8739FEB4E} = {B6EB5572-088B-4FE8-8A3A-B274D674645F}
		{9FAB83AE-75D1-494A-B638-981BB3E71AE7} = {4BCBEEAC-2D33-49E7-92EF-E2F0CB016B04}
		{48DDA08D-C3E4-46FA-BA86-A687962B3566} = {B6EB5572-088B-4FE8-8A3A-B274D674645F}
		{5F6805F4-0A76-4F37-951D-5620F86F97D8} = {1687A416-C25F-4BAF-BE33-F4646A08711C}
		{C5DA6A4F-4492-4113-A5BF-0750679BEB7B} = {1687A416-C25F-4BAF-BE33-F4646A08711C}
	EndGlobalSection
	GlobalSection(ExtensibilityGlobals) = postSolution
		SolutionGuid = {8AC6496B-CDC1-4994-ACE3-BEC0D616354E}
	EndGlobalSection
EndGlobal
